
Microsoft Visual Studio Solution File, Format Version 12.00
# Visual Studio Version 16
VisualStudioVersion = 16.0.28803.352
MinimumVisualStudioVersion = 10.0.40219.1
Project("{FAE04EC0-301F-11D3-BF4B-00C04F79EFBC}") = "Contacts.Android", "Contacts\Contacts.Android\Contacts.Android.csproj", "{99BC50D9-9516-4F51-94E3-9FA24ABE27FB}"
EndProject
Project("{FAE04EC0-301F-11D3-BF4B-00C04F79EFBC}") = "Contacts.iOS", "Contacts\Contacts.iOS\Contacts.iOS.csproj", "{5D994E42-8DE4-4646-BA2D-DF9B4F076963}"
EndProject
Project("{FAE04EC0-301F-11D3-BF4B-00C04F79EFBC}") = "Contacts", "Contacts\Contacts\Contacts.csproj", "{32671ACF-150F-4409-AA2B-753151275A4B}"
EndProject
Global
	GlobalSection(SolutionConfigurationPlatforms) = preSolution
		Debug|Any CPU = Debug|Any CPU
		Debug|iPhone = Debug|iPhone
		Debug|iPhoneSimulator = Debug|iPhoneSimulator
		Release|Any CPU = Release|Any CPU
		Release|iPhone = Release|iPhone
		Release|iPhoneSimulator = Release|iPhoneSimulator
	EndGlobalSection
	GlobalSection(ProjectConfigurationPlatforms) = postSolution
		{99BC50D9-9516-4F51-94E3-9FA24ABE27FB}.Debug|Any CPU.ActiveCfg = Debug|Any CPU
		{99BC50D9-9516-4F51-94E3-9FA24ABE27FB}.Debug|Any CPU.Build.0 = Debug|Any CPU
		{99BC50D9-9516-4F51-94E3-9FA24ABE27FB}.Debug|Any CPU.Deploy.0 = Debug|Any CPU
		{99BC50D9-9516-4F51-94E3-9FA24ABE27FB}.Debug|iPhone.ActiveCfg = Debug|Any CPU
		{99BC50D9-9516-4F51-94E3-9FA24ABE27FB}.Debug|iPhone.Build.0 = Debug|Any CPU
		{99BC50D9-9516-4F51-94E3-9FA24ABE27FB}.Debug|iPhone.Deploy.0 = Debug|Any CPU
		{99BC50D9-9516-4F51-94E3-9FA24ABE27FB}.Debug|iPhoneSimulator.ActiveCfg = Debug|Any CPU
		{99BC50D9-9516-4F51-94E3-9FA24ABE27FB}.Debug|iPhoneSimulator.Build.0 = Debug|Any CPU
		{99BC50D9-9516-4F51-94E3-9FA24ABE27FB}.Debug|iPhoneSimulator.Deploy.0 = Debug|Any CPU
		{99BC50D9-9516-4F51-94E3-9FA24ABE27FB}.Release|Any CPU.ActiveCfg = Release|Any CPU
		{99BC50D9-9516-4F51-94E3-9FA24ABE27FB}.Release|Any CPU.Build.0 = Release|Any CPU
		{99BC50D9-9516-4F51-94E3-9FA24ABE27FB}.Release|Any CPU.Deploy.0 = Release|Any CPU
		{99BC50D9-9516-4F51-94E3-9FA24ABE27FB}.Release|iPhone.ActiveCfg = Release|Any CPU
		{99BC50D9-9516-4F51-94E3-9FA24ABE27FB}.Release|iPhone.Build.0 = Release|Any CPU
		{99BC50D9-9516-4F51-94E3-9FA24ABE27FB}.Release|iPhone.Deploy.0 = Release|Any CPU
		{99BC50D9-9516-4F51-94E3-9FA24ABE27FB}.Release|iPhoneSimulator.ActiveCfg = Release|Any CPU
		{99BC50D9-9516-4F51-94E3-9FA24ABE27FB}.Release|iPhoneSimulator.Build.0 = Release|Any CPU
		{99BC50D9-9516-4F51-94E3-9FA24ABE27FB}.Release|iPhoneSimulator.Deploy.0 = Release|Any CPU
		{5D994E42-8DE4-4646-BA2D-DF9B4F076963}.Debug|Any CPU.ActiveCfg = Debug|iPhoneSimulator
		{5D994E42-8DE4-4646-BA2D-DF9B4F076963}.Debug|Any CPU.Build.0 = Debug|iPhoneSimulator
		{5D994E42-8DE4-4646-BA2D-DF9B4F076963}.Debug|Any CPU.Deploy.0 = Debug|iPhoneSimulator
		{5D994E42-8DE4-4646-BA2D-DF9B4F076963}.Debug|iPhone.ActiveCfg = Debug|iPhone
		{5D994E42-8DE4-4646-BA2D-DF9B4F076963}.Debug|iPhone.Build.0 = Debug|iPhone
		{5D994E42-8DE4-4646-BA2D-DF9B4F076963}.Debug|iPhone.Deploy.0 = Debug|iPhone
		{5D994E42-8DE4-4646-BA2D-DF9B4F076963}.Debug|iPhoneSimulator.ActiveCfg = Debug|iPhoneSimulator
		{5D994E42-8DE4-4646-BA2D-DF9B4F076963}.Debug|iPhoneSimulator.Build.0 = Debug|iPhoneSimulator
		{5D994E42-8DE4-4646-BA2D-DF9B4F076963}.Debug|iPhoneSimulator.Deploy.0 = Debug|iPhoneSimulator
		{5D994E42-8DE4-4646-BA2D-DF9B4F076963}.Release|Any CPU.ActiveCfg = Release|iPhone
		{5D994E42-8DE4-4646-BA2D-DF9B4F076963}.Release|Any CPU.Build.0 = Release|iPhone
		{5D994E42-8DE4-4646-BA2D-DF9B4F076963}.Release|Any CPU.Deploy.0 = Release|iPhone
		{5D994E42-8DE4-4646-BA2D-DF9B4F076963}.Release|iPhone.ActiveCfg = Release|iPhone
		{5D994E42-8DE4-4646-BA2D-DF9B4F076963}.Release|iPhone.Build.0 = Release|iPhone
		{5D994E42-8DE4-4646-BA2D-DF9B4F076963}.Release|iPhone.Deploy.0 = Release|iPhone
		{5D994E42-8DE4-4646-BA2D-DF9B4F076963}.Release|iPhoneSimulator.ActiveCfg = Release|iPhoneSimulator
		{5D994E42-8DE4-4646-BA2D-DF9B4F076963}.Release|iPhoneSimulator.Build.0 = Release|iPhoneSimulator
		{5D994E42-8DE4-4646-BA2D-DF9B4F076963}.Release|iPhoneSimulator.Deploy.0 = Release|iPhoneSimulator
		{32671ACF-150F-4409-AA2B-753151275A4B}.Debug|Any CPU.ActiveCfg = Debug|Any CPU
		{32671ACF-150F-4409-AA2B-753151275A4B}.Debug|Any CPU.Build.0 = Debug|Any CPU
		{32671ACF-150F-4409-AA2B-753151275A4B}.Debug|Any CPU.Deploy.0 = Debug|Any CPU
		{32671ACF-150F-4409-AA2B-753151275A4B}.Debug|iPhone.ActiveCfg = Debug|Any CPU
		{32671ACF-150F-4409-AA2B-753151275A4B}.Debug|iPhone.Build.0 = Debug|Any CPU
		{32671ACF-150F-4409-AA2B-753151275A4B}.Debug|iPhone.Deploy.0 = Debug|Any CPU
		{32671ACF-150F-4409-AA2B-753151275A4B}.Debug|iPhoneSimulator.ActiveCfg = Debug|Any CPU
		{32671ACF-150F-4409-AA2B-753151275A4B}.Debug|iPhoneSimulator.Build.0 = Debug|Any CPU
		{32671ACF-150F-4409-AA2B-753151275A4B}.Debug|iPhoneSimulator.Deploy.0 = Debug|Any CPU
		{32671ACF-150F-4409-AA2B-753151275A4B}.Release|Any CPU.ActiveCfg = Release|Any CPU
		{32671ACF-150F-4409-AA2B-753151275A4B}.Release|Any CPU.Build.0 = Release|Any CPU
		{32671ACF-150F-4409-AA2B-753151275A4B}.Release|Any CPU.Deploy.0 = Release|Any CPU
		{32671ACF-150F-4409-AA2B-753151275A4B}.Release|iPhone.ActiveCfg = Release|Any CPU
		{32671ACF-150F-4409-AA2B-753151275A4B}.Release|iPhone.Build.0 = Release|Any CPU
		{32671ACF-150F-4409-AA2B-753151275A4B}.Release|iPhone.Deploy.0 = Release|Any CPU
		{32671ACF-150F-4409-AA2B-753151275A4B}.Release|iPhoneSimulator.ActiveCfg = Release|Any CPU
		{32671ACF-150F-4409-AA2B-753151275A4B}.Release|iPhoneSimulator.Build.0 = Release|Any CPU
		{32671ACF-150F-4409-AA2B-753151275A4B}.Release|iPhoneSimulator.Deploy.0 = Release|Any CPU
	EndGlobalSection
	GlobalSection(SolutionProperties) = preSolution
		HideSolutionNode = FALSE
	EndGlobalSection
	GlobalSection(ExtensibilityGlobals) = postSolution
		SolutionGuid = {A4D38439-0B36-4098-A37D-2CE1E6967CE1}
	EndGlobalSection
EndGlobal
